
Microsoft Visual Studio Solution File, Format Version 12.00
# Visual Studio Version 17
VisualStudioVersion = 17.11.35208.52
MinimumVisualStudioVersion = 10.0.40219.1
Project("{FAE04EC0-301F-11D3-BF4B-00C04F79EFBC}") = "ProyectoTaller2", "ProyectoTaller2\ProyectoTaller2.csproj", "{5103C155-9E20-413E-BAF6-C89524D0BB7C}"
EndProject
Global
	GlobalSection(SolutionConfigurationPlatforms) = preSolution
		Debug|Any CPU = Debug|Any CPU
		Release|Any CPU = Release|Any CPU
	EndGlobalSection
	GlobalSection(ProjectConfigurationPlatforms) = postSolution
		{5103C155-9E20-413E-BAF6-C89524D0BB7C}.Debug|Any CPU.ActiveCfg = Debug|Any CPU
		{5103C155-9E20-413E-BAF6-C89524D0BB7C}.Debug|Any CPU.Build.0 = Debug|Any CPU
		{5103C155-9E20-413E-BAF6-C89524D0BB7C}.Release|Any CPU.ActiveCfg = Release|Any CPU
		{5103C155-9E20-413E-BAF6-C89524D0BB7C}.Release|Any CPU.Build.0 = Release|Any CPU
	EndGlobalSection
	GlobalSection(SolutionProperties) = preSolution
		HideSolutionNode = FALSE
	EndGlobalSection
	GlobalSection(ExtensibilityGlobals) = postSolution
		SolutionGuid = {F9FB8087-8B62-4F41-B62A-024FCCFA3F18}
	EndGlobalSection
EndGlobal
